
Microsoft Visual Studio Solution File, Format Version 12.00
# Visual Studio 2012
Project("{FAE04EC0-301F-11D3-BF4B-00C04F79EFBC}") = "leetcode3", "leetcode3\leetcode3.csproj", "{B89E689D-040F-4846-99B2-095B69FC0BFE}"
EndProject
Global
	GlobalSection(SolutionConfigurationPlatforms) = preSolution
		Debug|Any CPU = Debug|Any CPU
		Release|Any CPU = Release|Any CPU
	EndGlobalSection
	GlobalSection(ProjectConfigurationPlatforms) = postSolution
		{B89E689D-040F-4846-99B2-095B69FC0BFE}.Debug|Any CPU.ActiveCfg = Debug|Any CPU
		{B89E689D-040F-4846-99B2-095B69FC0BFE}.Debug|Any CPU.Build.0 = Debug|Any CPU
		{B89E689D-040F-4846-99B2-095B69FC0BFE}.Release|Any CPU.ActiveCfg = Release|Any CPU
		{B89E689D-040F-4846-99B2-095B69FC0BFE}.Release|Any CPU.Build.0 = Release|Any CPU
	EndGlobalSection
	GlobalSection(SolutionProperties) = preSolution
		HideSolutionNode = FALSE
	EndGlobalSection
EndGlobal
